// !$*UTF8*$!
{
	archiveVersion = 1;
	classes = {
	};
	objectVersion = 56;
	objects = {

/* Begin PBXBuildFile section */
		B158AC1B2A163D5400FDF21F /* AppDelegate.swift in Sources */ = {isa = PBXBuildFile; fileRef = B158AC1A2A163D5400FDF21F /* AppDelegate.swift */; };
		B158AC1D2A163D5400FDF21F /* SceneDelegate.swift in Sources */ = {isa = PBXBuildFile; fileRef = B158AC1C2A163D5400FDF21F /* SceneDelegate.swift */; };
		B158AC1F2A163D5400FDF21F /* ViewController.swift in Sources */ = {isa = PBXBuildFile; fileRef = B158AC1E2A163D5400FDF21F /* ViewController.swift */; };
		B158AC222A163D5400FDF21F /* Main.storyboard in Resources */ = {isa = PBXBuildFile; fileRef = B158AC202A163D5400FDF21F /* Main.storyboard */; };
		B158AC242A163D5500FDF21F /* Assets.xcassets in Resources */ = {isa = PBXBuildFile; fileRef = B158AC232A163D5500FDF21F /* Assets.xcassets */; };
		B158AC272A163D5500FDF21F /* LaunchScreen.storyboard in Resources */ = {isa = PBXBuildFile; fileRef = B158AC252A163D5500FDF21F /* LaunchScreen.storyboard */; };
		B158AC322A163D5500FDF21F /* CounterTests.swift in Sources */ = {isa = PBXBuildFile; fileRef = B158AC312A163D5500FDF21F /* CounterTests.swift */; };
		B158AC3C2A163D5500FDF21F /* CounterUITests.swift in Sources */ = {isa = PBXBuildFile; fileRef = B158AC3B2A163D5500FDF21F /* CounterUITests.swift */; };
		B158AC3E2A163D5500FDF21F /* CounterUITestsLaunchTests.swift in Sources */ = {isa = PBXBuildFile; fileRef = B158AC3D2A163D5500FDF21F /* CounterUITestsLaunchTests.swift */; };
/* End PBXBuildFile section */

/* Begin PBXContainerItemProxy section */
		B158AC2E2A163D5500FDF21F /* PBXContainerItemProxy */ = {
			isa = PBXContainerItemProxy;
			containerPortal = B158AC0F2A163D5400FDF21F /* Project object */;
			proxyType = 1;
			remoteGlobalIDString = B158AC162A163D5400FDF21F;
			remoteInfo = Counter;
		};
		B158AC382A163D5500FDF21F /* PBXContainerItemProxy */ = {
			isa = PBXContainerItemProxy;
			containerPortal = B158AC0F2A163D5400FDF21F /* Project object */;
			proxyType = 1;
			remoteGlobalIDString = B158AC162A163D5400FDF21F;
			remoteInfo = Counter;
		};
/* End PBXContainerItemProxy section */

/* Begin PBXFileReference section */
		B158AC172A163D5400FDF21F /* Counter.app */ = {isa = PBXFileReference; explicitFileType = wrapper.application; includeInIndex = 0; path = Counter.app; sourceTree = BUILT_PRODUCTS_DIR; };
		B158AC1A2A163D5400FDF21F /* AppDelegate.swift */ = {isa = PBXFileReference; lastKnownFileType = sourcecode.swift; path = AppDelegate.swift; sourceTree = "<group>"; };
		B158AC1C2A163D5400FDF21F /* SceneDelegate.swift */ = {isa = PBXFileReference; lastKnownFileType = sourcecode.swift; path = SceneDelegate.swift; sourceTree = "<group>"; };
		B158AC1E2A163D5400FDF21F /* ViewController.swift */ = {isa = PBXFileReference; lastKnownFileType = sourcecode.swift; path = ViewController.swift; sourceTree = "<group>"; };
		B158AC212A163D5400FDF21F /* Base */ = {isa = PBXFileReference; lastKnownFileType = file.storyboard; name = Base; path = Base.lproj/Main.storyboard; sourceTree = "<group>"; };
		B158AC232A163D5500FDF21F /* Assets.xcassets */ = {isa = PBXFileReference; lastKnownFileType = folder.assetcatalog; path = Assets.xcassets; sourceTree = "<group>"; };
		B158AC262A163D5500FDF21F /* Base */ = {isa = PBXFileReference; lastKnownFileType = file.storyboard; name = Base; path = Base.lproj/LaunchScreen.storyboard; sourceTree = "<group>"; };
		B158AC282A163D5500FDF21F /* Info.plist */ = {isa = PBXFileReference; lastKnownFileType = text.plist.xml; path = Info.plist; sourceTree = "<group>"; };
		B158AC2D2A163D5500FDF21F /* CounterTests.xctest */ = {isa = PBXFileReference; explicitFileType = wrapper.cfbundle; includeInIndex = 0; path = CounterTests.xctest; sourceTree = BUILT_PRODUCTS_DIR; };
		B158AC312A163D5500FDF21F /* CounterTests.swift */ = {isa = PBXFileReference; lastKnownFileType = sourcecode.swift; path = CounterTests.swift; sourceTree = "<group>"; };
		B158AC372A163D5500FDF21F /* CounterUITests.xctest */ = {isa = PBXFileReference; explicitFileType = wrapper.cfbundle; includeInIndex = 0; path = CounterUITests.xctest; sourceTree = BUILT_PRODUCTS_DIR; };
		B158AC3B2A163D5500FDF21F /* CounterUITests.swift */ = {isa = PBXFileReference; lastKnownFileType = sourcecode.swift; path = CounterUITests.swift; sourceTree = "<group>"; };
		B158AC3D2A163D5500FDF21F /* CounterUITestsLaunchTests.swift */ = {isa = PBXFileReference; lastKnownFileType = sourcecode.swift; path = CounterUITestsLaunchTests.swift; sourceTree = "<group>"; };
/* End PBXFileReference section */

/* Begin PBXFrameworksBuildPhase section */
		B158AC142A163D5400FDF21F /* Frameworks */ = {
			isa = PBXFrameworksBuildPhase;
			buildActionMask = 2147483647;
			files = (
			);
			runOnlyForDeploymentPostprocessing = 0;
		};
		B158AC2A2A163D5500FDF21F /* Frameworks */ = {
			isa = PBXFrameworksBuildPhase;
			buildActionMask = 2147483647;
			files = (
			);
			runOnlyForDeploymentPostprocessing = 0;
		};
		B158AC342A163D5500FDF21F /* Frameworks */ = {
			isa = PBXFrameworksBuildPhase;
			buildActionMask = 2147483647;
			files = (
			);
			runOnlyForDeploymentPostprocessing = 0;
		};
/* End PBXFrameworksBuildPhase section */

/* Begin PBXGroup section */
		B158AC0E2A163D5400FDF21F = {
			isa = PBXGroup;
			children = (
				B158AC192A163D5400FDF21F /* Counter */,
				B158AC302A163D5500FDF21F /* CounterTests */,
				B158AC3A2A163D5500FDF21F /* CounterUITests */,
				B158AC182A163D5400FDF21F /* Products */,
			);
			sourceTree = "<group>";
		};
		B158AC182A163D5400FDF21F /* Products */ = {
			isa = PBXGroup;
			children = (
				B158AC172A163D5400FDF21F /* Counter.app */,
				B158AC2D2A163D5500FDF21F /* CounterTests.xctest */,
				B158AC372A163D5500FDF21F /* CounterUITests.xctest */,
			);
			name = Products;
			sourceTree = "<group>";
		};
		B158AC192A163D5400FDF21F /* Counter */ = {
			isa = PBXGroup;
			children = (
				B158AC1A2A163D5400FDF21F /* AppDelegate.swift */,
				B158AC1C2A163D5400FDF21F /* SceneDelegate.swift */,
				B158AC1E2A163D5400FDF21F /* ViewController.swift */,
				B158AC202A163D5400FDF21F /* Main.storyboard */,
				B158AC232A163D5500FDF21F /* Assets.xcassets */,
				B158AC252A163D5500FDF21F /* LaunchScreen.storyboard */,
				B158AC282A163D5500FDF21F /* Info.plist */,
			);
			path = Counter;
			sourceTree = "<group>";
		};
		B158AC302A163D5500FDF21F /* CounterTests */ = {
			isa = PBXGroup;
			children = (
				B158AC312A163D5500FDF21F /* CounterTests.swift */,
			);
			path = CounterTests;
			sourceTree = "<group>";
		};
		B158AC3A2A163D5500FDF21F /* CounterUITests */ = {
			isa = PBXGroup;
			children = (
				B158AC3B2A163D5500FDF21F /* CounterUITests.swift */,
				B158AC3D2A163D5500FDF21F /* CounterUITestsLaunchTests.swift */,
			);
			path = CounterUITests;
			sourceTree = "<group>";
		};
/* End PBXGroup section */

/* Begin PBXNativeTarget section */
		B158AC162A163D5400FDF21F /* Counter */ = {
			isa = PBXNativeTarget;
			buildConfigurationList = B158AC412A163D5500FDF21F /* Build configuration list for PBXNativeTarget "Counter" */;
			buildPhases = (
				B158AC132A163D5400FDF21F /* Sources */,
				B158AC142A163D5400FDF21F /* Frameworks */,
				B158AC152A163D5400FDF21F /* Resources */,
			);
			buildRules = (
			);
			dependencies = (
			);
			name = Counter;
			productName = Counter;
			productReference = B158AC172A163D5400FDF21F /* Counter.app */;
			productType = "com.apple.product-type.application";
		};
		B158AC2C2A163D5500FDF21F /* CounterTests */ = {
			isa = PBXNativeTarget;
			buildConfigurationList = B158AC442A163D5500FDF21F /* Build configuration list for PBXNativeTarget "CounterTests" */;
			buildPhases = (
				B158AC292A163D5500FDF21F /* Sources */,
				B158AC2A2A163D5500FDF21F /* Frameworks */,
				B158AC2B2A163D5500FDF21F /* Resources */,
			);
			buildRules = (
			);
			dependencies = (
				B158AC2F2A163D5500FDF21F /* PBXTargetDependency */,
			);
			name = CounterTests;
			productName = CounterTests;
			productReference = B158AC2D2A163D5500FDF21F /* CounterTests.xctest */;
			productType = "com.apple.product-type.bundle.unit-test";
		};
		B158AC362A163D5500FDF21F /* CounterUITests */ = {
			isa = PBXNativeTarget;
			buildConfigurationList = B158AC472A163D5500FDF21F /* Build configuration list for PBXNativeTarget "CounterUITests" */;
			buildPhases = (
				B158AC332A163D5500FDF21F /* Sources */,
				B158AC342A163D5500FDF21F /* Frameworks */,
				B158AC352A163D5500FDF21F /* Resources */,
			);
			buildRules = (
			);
			dependencies = (
				B158AC392A163D5500FDF21F /* PBXTargetDependency */,
			);
			name = CounterUITests;
			productName = CounterUITests;
			productReference = B158AC372A163D5500FDF21F /* CounterUITests.xctest */;
			productType = "com.apple.product-type.bundle.ui-testing";
		};
/* End PBXNativeTarget section */

/* Begin PBXProject section */
		B158AC0F2A163D5400FDF21F /* Project object */ = {
			isa = PBXProject;
			attributes = {
				BuildIndependentTargetsInParallel = 1;
				LastSwiftUpdateCheck = 1430;
				LastUpgradeCheck = 1430;
				TargetAttributes = {
					B158AC162A163D5400FDF21F = {
						CreatedOnToolsVersion = 14.3;
					};
					B158AC2C2A163D5500FDF21F = {
						CreatedOnToolsVersion = 14.3;
						TestTargetID = B158AC162A163D5400FDF21F;
					};
					B158AC362A163D5500FDF21F = {
						CreatedOnToolsVersion = 14.3;
						TestTargetID = B158AC162A163D5400FDF21F;
					};
				};
			};
			buildConfigurationList = B158AC122A163D5400FDF21F /* Build configuration list for PBXProject "Counter" */;
			compatibilityVersion = "Xcode 14.0";
			developmentRegion = en;
			hasScannedForEncodings = 0;
			knownRegions = (
				en,
				Base,
			);
			mainGroup = B158AC0E2A163D5400FDF21F;
			productRefGroup = B158AC182A163D5400FDF21F /* Products */;
			projectDirPath = "";
			projectRoot = "";
			targets = (
				B158AC162A163D5400FDF21F /* Counter */,
				B158AC2C2A163D5500FDF21F /* CounterTests */,
				B158AC362A163D5500FDF21F /* CounterUITests */,
			);
		};
/* End PBXProject section */

/* Begin PBXResourcesBuildPhase section */
		B158AC152A163D5400FDF21F /* Resources */ = {
			isa = PBXResourcesBuildPhase;
			buildActionMask = 2147483647;
			files = (
				B158AC272A163D5500FDF21F /* LaunchScreen.storyboard in Resources */,
				B158AC242A163D5500FDF21F /* Assets.xcassets in Resources */,
				B158AC222A163D5400FDF21F /* Main.storyboard in Resources */,
			);
			runOnlyForDeploymentPostprocessing = 0;
		};
		B158AC2B2A163D5500FDF21F /* Resources */ = {
			isa = PBXResourcesBuildPhase;
			buildActionMask = 2147483647;
			files = (
			);
			runOnlyForDeploymentPostprocessing = 0;
		};
		B158AC352A163D5500FDF21F /* Resources */ = {
			isa = PBXResourcesBuildPhase;
			buildActionMask = 2147483647;
			files = (
			);
			runOnlyForDeploymentPostprocessing = 0;
		};
/* End PBXResourcesBuildPhase section */

/* Begin PBXSourcesBuildPhase section */
		B158AC132A163D5400FDF21F /* Sources */ = {
			isa = PBXSourcesBuildPhase;
			buildActionMask = 2147483647;
			files = (
				B158AC1F2A163D5400FDF21F /* ViewController.swift in Sources */,
				B158AC1B2A163D5400FDF21F /* AppDelegate.swift in Sources */,
				B158AC1D2A163D5400FDF21F /* SceneDelegate.swift in Sources */,
			);
			runOnlyForDeploymentPostprocessing = 0;
		};
		B158AC292A163D5500FDF21F /* Sources */ = {
			isa = PBXSourcesBuildPhase;
			buildActionMask = 2147483647;
			files = (
				B158AC322A163D5500FDF21F /* CounterTests.swift in Sources */,
			);
			runOnlyForDeploymentPostprocessing = 0;
		};
		B158AC332A163D5500FDF21F /* Sources */ = {
			isa = PBXSourcesBuildPhase;
			buildActionMask = 2147483647;
			files = (
				B158AC3C2A163D5500FDF21F /* CounterUITests.swift in Sources */,
				B158AC3E2A163D5500FDF21F /* CounterUITestsLaunchTests.swift in Sources */,
			);
			runOnlyForDeploymentPostprocessing = 0;
		};
/* End PBXSourcesBuildPhase section */

/* Begin PBXTargetDependency section */
		B158AC2F2A163D5500FDF21F /* PBXTargetDependency */ = {
			isa = PBXTargetDependency;
			target = B158AC162A163D5400FDF21F /* Counter */;
			targetProxy = B158AC2E2A163D5500FDF21F /* PBXContainerItemProxy */;
		};
		B158AC392A163D5500FDF21F /* PBXTargetDependency */ = {
			isa = PBXTargetDependency;
			target = B158AC162A163D5400FDF21F /* Counter */;
			targetProxy = B158AC382A163D5500FDF21F /* PBXContainerItemProxy */;
		};
/* End PBXTargetDependency section */

/* Begin PBXVariantGroup section */
		B158AC202A163D5400FDF21F /* Main.storyboard */ = {
			isa = PBXVariantGroup;
			children = (
				B158AC212A163D5400FDF21F /* Base */,
			);
			name = Main.storyboard;
			sourceTree = "<group>";
		};
		B158AC252A163D5500FDF21F /* LaunchScreen.storyboard */ = {
			isa = PBXVariantGroup;
			children = (
				B158AC262A163D5500FDF21F /* Base */,
			);
			name = LaunchScreen.storyboard;
			sourceTree = "<group>";
		};
/* End PBXVariantGroup section */

/* Begin XCBuildConfiguration section */
		B158AC3F2A163D5500FDF21F /* Debug */ = {
			isa = XCBuildConfiguration;
			buildSettings = {
				ALWAYS_SEARCH_USER_PATHS = NO;
				CLANG_ANALYZER_NONNULL = YES;
				CLANG_ANALYZER_NUMBER_OBJECT_CONVERSION = YES_AGGRESSIVE;
				CLANG_CXX_LANGUAGE_STANDARD = "gnu++20";
				CLANG_ENABLE_MODULES = YES;
				CLANG_ENABLE_OBJC_ARC = YES;
				CLANG_ENABLE_OBJC_WEAK = YES;
				CLANG_WARN_BLOCK_CAPTURE_AUTORELEASING = YES;
				CLANG_WARN_BOOL_CONVERSION = YES;
				CLANG_WARN_COMMA = YES;
				CLANG_WARN_CONSTANT_CONVERSION = YES;
				CLANG_WARN_DEPRECATED_OBJC_IMPLEMENTATIONS = YES;
				CLANG_WARN_DIRECT_OBJC_ISA_USAGE = YES_ERROR;
				CLANG_WARN_DOCUMENTATION_COMMENTS = YES;
				CLANG_WARN_EMPTY_BODY = YES;
				CLANG_WARN_ENUM_CONVERSION = YES;
				CLANG_WARN_INFINITE_RECURSION = YES;
				CLANG_WARN_INT_CONVERSION = YES;
				CLANG_WARN_NON_LITERAL_NULL_CONVERSION = YES;
				CLANG_WARN_OBJC_IMPLICIT_RETAIN_SELF = YES;
				CLANG_WARN_OBJC_LITERAL_CONVERSION = YES;
				CLANG_WARN_OBJC_ROOT_CLASS = YES_ERROR;
				CLANG_WARN_QUOTED_INCLUDE_IN_FRAMEWORK_HEADER = YES;
				CLANG_WARN_RANGE_LOOP_ANALYSIS = YES;
				CLANG_WARN_STRICT_PROTOTYPES = YES;
				CLANG_WARN_SUSPICIOUS_MOVE = YES;
				CLANG_WARN_UNGUARDED_AVAILABILITY = YES_AGGRESSIVE;
				CLANG_WARN_UNREACHABLE_CODE = YES;
				CLANG_WARN__DUPLICATE_METHOD_MATCH = YES;
				COPY_PHASE_STRIP = NO;
				DEBUG_INFORMATION_FORMAT = dwarf;
				ENABLE_STRICT_OBJC_MSGSEND = YES;
				ENABLE_TESTABILITY = YES;
				GCC_C_LANGUAGE_STANDARD = gnu11;
				GCC_DYNAMIC_NO_PIC = NO;
				GCC_NO_COMMON_BLOCKS = YES;
				GCC_OPTIMIZATION_LEVEL = 0;
				GCC_PREPROCESSOR_DEFINITIONS = (
					"DEBUG=1",
					"$(inherited)",
				);
				GCC_WARN_64_TO_32_BIT_CONVERSION = YES;
				GCC_WARN_ABOUT_RETURN_TYPE = YES_ERROR;
				GCC_WARN_UNDECLARED_SELECTOR = YES;
				GCC_WARN_UNINITIALIZED_AUTOS = YES_AGGRESSIVE;
				GCC_WARN_UNUSED_FUNCTION = YES;
				GCC_WARN_UNUSED_VARIABLE = YES;
				IPHONEOS_DEPLOYMENT_TARGET = 16.4;
				MTL_ENABLE_DEBUG_INFO = INCLUDE_SOURCE;
				MTL_FAST_MATH = YES;
				ONLY_ACTIVE_ARCH = YES;
				SDKROOT = iphoneos;
				SWIFT_ACTIVE_COMPILATION_CONDITIONS = DEBUG;
				SWIFT_OPTIMIZATION_LEVEL = "-Onone";
			};
			name = Debug;
		};
		B158AC402A163D5500FDF21F /* Release */ = {
			isa = XCBuildConfiguration;
			buildSettings = {
				ALWAYS_SEARCH_USER_PATHS = NO;
				CLANG_ANALYZER_NONNULL = YES;
				CLANG_ANALYZER_NUMBER_OBJECT_CONVERSION = YES_AGGRESSIVE;
				CLANG_CXX_LANGUAGE_STANDARD = "gnu++20";
				CLANG_ENABLE_MODULES = YES;
				CLANG_ENABLE_OBJC_ARC = YES;
				CLANG_ENABLE_OBJC_WEAK = YES;
				CLANG_WARN_BLOCK_CAPTURE_AUTORELEASING = YES;
				CLANG_WARN_BOOL_CONVERSION = YES;
				CLANG_WARN_COMMA = YES;
				CLANG_WARN_CONSTANT_CONVERSION = YES;
				CLANG_WARN_DEPRECATED_OBJC_IMPLEMENTATIONS = YES;
				CLANG_WARN_DIRECT_OBJC_ISA_USAGE = YES_ERROR;
				CLANG_WARN_DOCUMENTATION_COMMENTS = YES;
				CLANG_WARN_EMPTY_BODY = YES;
				CLANG_WARN_ENUM_CONVERSION = YES;
				CLANG_WARN_INFINITE_RECURSION = YES;
				CLANG_WARN_INT_CONVERSION = YES;
				CLANG_WARN_NON_LITERAL_NULL_CONVERSION = YES;
				CLANG_WARN_OBJC_IMPLICIT_RETAIN_SELF = YES;
				CLANG_WARN_OBJC_LITERAL_CONVERSION = YES;
				CLANG_WARN_OBJC_ROOT_CLASS = YES_ERROR;
				CLANG_WARN_QUOTED_INCLUDE_IN_FRAMEWORK_HEADER = YES;
				CLANG_WARN_RANGE_LOOP_ANALYSIS = YES;
				CLANG_WARN_STRICT_PROTOTYPES = YES;
				CLANG_WARN_SUSPICIOUS_MOVE = YES;
				CLANG_WARN_UNGUARDED_AVAILABILITY = YES_AGGRESSIVE;
				CLANG_WARN_UNREACHABLE_CODE = YES;
				CLANG_WARN__DUPLICATE_METHOD_MATCH = YES;
				COPY_PHASE_STRIP = NO;
				DEBUG_INFORMATION_FORMAT = "dwarf-with-dsym";
				ENABLE_NS_ASSERTIONS = NO;
				ENABLE_STRICT_OBJC_MSGSEND = YES;
				GCC_C_LANGUAGE_STANDARD = gnu11;
				GCC_NO_COMMON_BLOCKS = YES;
				GCC_WARN_64_TO_32_BIT_CONVERSION = YES;
				GCC_WARN_ABOUT_RETURN_TYPE = YES_ERROR;
				GCC_WARN_UNDECLARED_SELECTOR = YES;
				GCC_WARN_UNINITIALIZED_AUTOS = YES_AGGRESSIVE;
				GCC_WARN_UNUSED_FUNCTION = YES;
				GCC_WARN_UNUSED_VARIABLE = YES;
				IPHONEOS_DEPLOYMENT_TARGET = 16.4;
				MTL_ENABLE_DEBUG_INFO = NO;
				MTL_FAST_MATH = YES;
				SDKROOT = iphoneos;
				SWIFT_COMPILATION_MODE = wholemodule;
				SWIFT_OPTIMIZATION_LEVEL = "-O";
				VALIDATE_PRODUCT = YES;
			};
			name = Release;
		};
		B158AC422A163D5500FDF21F /* Debug */ = {
			isa = XCBuildConfiguration;
			buildSettings = {
				ASSETCATALOG_COMPILER_APPICON_NAME = AppIcon;
				ASSETCATALOG_COMPILER_GLOBAL_ACCENT_COLOR_NAME = AccentColor;
				CODE_SIGN_STYLE = Automatic;
				CURRENT_PROJECT_VERSION = 1;
				DEVELOPMENT_TEAM = F6F6LJHTZM;
				GENERATE_INFOPLIST_FILE = YES;
				INFOPLIST_FILE = Counter/Info.plist;
				INFOPLIST_KEY_UIApplicationSupportsIndirectInputEvents = YES;
				INFOPLIST_KEY_UILaunchStoryboardName = LaunchScreen;
				INFOPLIST_KEY_UIMainStoryboardFile = Main;
				INFOPLIST_KEY_UISupportedInterfaceOrientations_iPad = "UIInterfaceOrientationPortrait UIInterfaceOrientationPortraitUpsideDown UIInterfaceOrientationLandscapeLeft UIInterfaceOrientationLandscapeRight";
				INFOPLIST_KEY_UISupportedInterfaceOrientations_iPhone = "UIInterfaceOrientationPortrait UIInterfaceOrientationLandscapeLeft UIInterfaceOrientationLandscapeRight";
				LD_RUNPATH_SEARCH_PATHS = (
					"$(inherited)",
					"@executable_path/Frameworks",
				);
				MARKETING_VERSION = 1.0;
				PRODUCT_BUNDLE_IDENTIFIER = test.Counter;
				PRODUCT_NAME = "$(TARGET_NAME)";
				SWIFT_EMIT_LOC_STRINGS = YES;
				SWIFT_VERSION = 5.0;
				TARGETED_DEVICE_FAMILY = "1,2";
			};
			name = Debug;
		};
		B158AC432A163D5500FDF21F /* Release */ = {
			isa = XCBuildConfiguration;
			buildSettings = {
				ASSETCATALOG_COMPILER_APPICON_NAME = AppIcon;
				ASSETCATALOG_COMPILER_GLOBAL_ACCENT_COLOR_NAME = AccentColor;
				CODE_SIGN_STYLE = Automatic;
				CURRENT_PROJECT_VERSION = 1;
				DEVELOPMENT_TEAM = F6F6LJHTZM;
				GENERATE_INFOPLIST_FILE = YES;
				INFOPLIST_FILE = Counter/Info.plist;
				INFOPLIST_KEY_UIApplicationSupportsIndirectInputEvents = YES;
				INFOPLIST_KEY_UILaunchStoryboardName = LaunchScreen;
				INFOPLIST_KEY_UIMainStoryboardFile = Main;
				INFOPLIST_KEY_UISupportedInterfaceOrientations_iPad = "UIInterfaceOrientationPortrait UIInterfaceOrientationPortraitUpsideDown UIInterfaceOrientationLandscapeLeft UIInterfaceOrientationLandscapeRight";
				INFOPLIST_KEY_UISupportedInterfaceOrientations_iPhone = "UIInterfaceOrientationPortrait UIInterfaceOrientationLandscapeLeft UIInterfaceOrientationLandscapeRight";
				LD_RUNPATH_SEARCH_PATHS = (
					"$(inherited)",
					"@executable_path/Frameworks",
				);
				MARKETING_VERSION = 1.0;
				PRODUCT_BUNDLE_IDENTIFIER = test.Counter;
				PRODUCT_NAME = "$(TARGET_NAME)";
				SWIFT_EMIT_LOC_STRINGS = YES;
				SWIFT_VERSION = 5.0;
				TARGETED_DEVICE_FAMILY = "1,2";
			};
			name = Release;
		};
		B158AC452A163D5500FDF21F /* Debug */ = {
			isa = XCBuildConfiguration;
			buildSettings = {
				ALWAYS_EMBED_SWIFT_STANDARD_LIBRARIES = YES;
				BUNDLE_LOADER = "$(TEST_HOST)";
				CODE_SIGN_STYLE = Automatic;
				CURRENT_PROJECT_VERSION = 1;
				DEVELOPMENT_TEAM = F6F6LJHTZM;
				GENERATE_INFOPLIST_FILE = YES;
				IPHONEOS_DEPLOYMENT_TARGET = 16.4;
				MARKETING_VERSION = 1.0;
				PRODUCT_BUNDLE_IDENTIFIER = test.CounterTests;
				PRODUCT_NAME = "$(TARGET_NAME)";
				SWIFT_EMIT_LOC_STRINGS = NO;
				SWIFT_VERSION = 5.0;
				TARGETED_DEVICE_FAMILY = "1,2";
				TEST_HOST = "$(BUILT_PRODUCTS_DIR)/Counter.app/$(BUNDLE_EXECUTABLE_FOLDER_PATH)/Counter";
			};
			name = Debug;
		};
		B158AC462A163D5500FDF21F /* Release */ = {
			isa = XCBuildConfiguration;
			buildSettings = {
				ALWAYS_EMBED_SWIFT_STANDARD_LIBRARIES = YES;
				BUNDLE_LOADER = "$(TEST_HOST)";
				CODE_SIGN_STYLE = Automatic;
				CURRENT_PROJECT_VERSION = 1;
				DEVELOPMENT_TEAM = F6F6LJHTZM;
				GENERATE_INFOPLIST_FILE = YES;
				IPHONEOS_DEPLOYMENT_TARGET = 16.4;
				MARKETING_VERSION = 1.0;
				PRODUCT_BUNDLE_IDENTIFIER = test.CounterTests;
				PRODUCT_NAME = "$(TARGET_NAME)";
				SWIFT_EMIT_LOC_STRINGS = NO;
				SWIFT_VERSION = 5.0;
				TARGETED_DEVICE_FAMILY = "1,2";
				TEST_HOST = "$(BUILT_PRODUCTS_DIR)/Counter.app/$(BUNDLE_EXECUTABLE_FOLDER_PATH)/Counter";
			};
			name = Release;
		};
		B158AC482A163D5500FDF21F /* Debug */ = {
			isa = XCBuildConfiguration;
			buildSettings = {
				ALWAYS_EMBED_SWIFT_STANDARD_LIBRARIES = YES;
				CODE_SIGN_STYLE = Automatic;
				CURRENT_PROJECT_VERSION = 1;
				DEVELOPMENT_TEAM = F6F6LJHTZM;
				GENERATE_INFOPLIST_FILE = YES;
				MARKETING_VERSION = 1.0;
				PRODUCT_BUNDLE_IDENTIFIER = test.CounterUITests;
				PRODUCT_NAME = "$(TARGET_NAME)";
				SWIFT_EMIT_LOC_STRINGS = NO;
				SWIFT_VERSION = 5.0;
				TARGETED_DEVICE_FAMILY = "1,2";
				TEST_TARGET_NAME = Counter;
			};
			name = Debug;
		};
		B158AC492A163D5500FDF21F /* Release */ = {
			isa = XCBuildConfiguration;
			buildSettings = {
				ALWAYS_EMBED_SWIFT_STANDARD_LIBRARIES = YES;
				CODE_SIGN_STYLE = Automatic;
				CURRENT_PROJECT_VERSION = 1;
				DEVELOPMENT_TEAM = F6F6LJHTZM;
				GENERATE_INFOPLIST_FILE = YES;
				MARKETING_VERSION = 1.0;
				PRODUCT_BUNDLE_IDENTIFIER = test.CounterUITests;
				PRODUCT_NAME = "$(TARGET_NAME)";
				SWIFT_EMIT_LOC_STRINGS = NO;
				SWIFT_VERSION = 5.0;
				TARGETED_DEVICE_FAMILY = "1,2";
				TEST_TARGET_NAME = Counter;
			};
			name = Release;
		};
/* End XCBuildConfiguration section */

/* Begin XCConfigurationList section */
		B158AC122A163D5400FDF21F /* Build configuration list for PBXProject "Counter" */ = {
			isa = XCConfigurationList;
			buildConfigurations = (
				B158AC3F2A163D5500FDF21F /* Debug */,
				B158AC402A163D5500FDF21F /* Release */,
			);
			defaultConfigurationIsVisible = 0;
			defaultConfigurationName = Release;
		};
		B158AC412A163D5500FDF21F /* Build configuration list for PBXNativeTarget "Counter" */ = {
			isa = XCConfigurationList;
			buildConfigurations = (
				B158AC422A163D5500FDF21F /* Debug */,
				B158AC432A163D5500FDF21F /* Release */,
			);
			defaultConfigurationIsVisible = 0;
			defaultConfigurationName = Release;
		};
		B158AC442A163D5500FDF21F /* Build configuration list for PBXNativeTarget "CounterTests" */ = {
			isa = XCConfigurationList;
			buildConfigurations = (
				B158AC452A163D5500FDF21F /* Debug */,
				B158AC462A163D5500FDF21F /* Release */,
			);
			defaultConfigurationIsVisible = 0;
			defaultConfigurationName = Release;
		};
		B158AC472A163D5500FDF21F /* Build configuration list for PBXNativeTarget "CounterUITests" */ = {
			isa = XCConfigurationList;
			buildConfigurations = (
				B158AC482A163D5500FDF21F /* Debug */,
				B158AC492A163D5500FDF21F /* Release */,
			);
			defaultConfigurationIsVisible = 0;
			defaultConfigurationName = Release;
		};
/* End XCConfigurationList section */
	};
	rootObject = B158AC0F2A163D5400FDF21F /* Project object */;
}
